
Microsoft Visual Studio Solution File, Format Version 12.00
# Visual Studio Version 16
VisualStudioVersion = 16.0.30002.166
MinimumVisualStudioVersion = 10.0.40219.1
Project("{9A19103F-16F7-4668-BE54-9A1E7A4F7556}") = "backend", "backend.csproj", "{F95FD1CB-0FA4-431B-97DE-CA8C5A6FFFC1}"
EndProject
Global
	GlobalSection(SolutionConfigurationPlatforms) = preSolution
		Debug|Any CPU = Debug|Any CPU
		Release|Any CPU = Release|Any CPU
	EndGlobalSection
	GlobalSection(ProjectConfigurationPlatforms) = postSolution
		{F95FD1CB-0FA4-431B-97DE-CA8C5A6FFFC1}.Debug|Any CPU.ActiveCfg = Debug|Any CPU
		{F95FD1CB-0FA4-431B-97DE-CA8C5A6FFFC1}.Debug|Any CPU.Build.0 = Debug|Any CPU
		{F95FD1CB-0FA4-431B-97DE-CA8C5A6FFFC1}.Release|Any CPU.ActiveCfg = Release|Any CPU
		{F95FD1CB-0FA4-431B-97DE-CA8C5A6FFFC1}.Release|Any CPU.Build.0 = Release|Any CPU
	EndGlobalSection
	GlobalSection(SolutionProperties) = preSolution
		HideSolutionNode = FALSE
	EndGlobalSection
	GlobalSection(ExtensibilityGlobals) = postSolution
		SolutionGuid = {608D91D6-9765-482E-A1F1-B24F2698794A}
	EndGlobalSection
EndGlobal
